// !$*UTF8*$!
{
	archiveVersion = 1;
	classes = {
	};
	objectVersion = 51;
	objects = {

/* Begin PBXBuildFile section */
		2D00157325731D4C00AD3C65 /* Extensions.swift in Sources */ = {isa = PBXBuildFile; fileRef = 2D00157225731D4C00AD3C65 /* Extensions.swift */; };
		2D083BE825730D650083C7F3 /* AppDelegate.swift in Sources */ = {isa = PBXBuildFile; fileRef = 2D083BE725730D650083C7F3 /* AppDelegate.swift */; };
		2D083BEA25730D650083C7F3 /* SceneDelegate.swift in Sources */ = {isa = PBXBuildFile; fileRef = 2D083BE925730D650083C7F3 /* SceneDelegate.swift */; };
		2D083BEC25730D650083C7F3 /* ConversationsViewController.swift in Sources */ = {isa = PBXBuildFile; fileRef = 2D083BEB25730D650083C7F3 /* ConversationsViewController.swift */; };
		2D083BEF25730D650083C7F3 /* Main.storyboard in Resources */ = {isa = PBXBuildFile; fileRef = 2D083BED25730D650083C7F3 /* Main.storyboard */; };
		2D083BF125730D680083C7F3 /* Assets.xcassets in Resources */ = {isa = PBXBuildFile; fileRef = 2D083BF025730D680083C7F3 /* Assets.xcassets */; };
		2D083BF425730D680083C7F3 /* LaunchScreen.storyboard in Resources */ = {isa = PBXBuildFile; fileRef = 2D083BF225730D680083C7F3 /* LaunchScreen.storyboard */; };
		2D083C06257315EB0083C7F3 /* LoginViewController.swift in Sources */ = {isa = PBXBuildFile; fileRef = 2D083C05257315EB0083C7F3 /* LoginViewController.swift */; };
		2D083C09257315FB0083C7F3 /* RegisterViewController.swift in Sources */ = {isa = PBXBuildFile; fileRef = 2D083C08257315FB0083C7F3 /* RegisterViewController.swift */; };
		2D083C0C257316180083C7F3 /* PhotoViewerViewController.swift in Sources */ = {isa = PBXBuildFile; fileRef = 2D083C0B257316180083C7F3 /* PhotoViewerViewController.swift */; };
		2D083C0F257316270083C7F3 /* VideoPlayerViewController.swift in Sources */ = {isa = PBXBuildFile; fileRef = 2D083C0E257316270083C7F3 /* VideoPlayerViewController.swift */; };
		2D083C12257316AE0083C7F3 /* NewConversationViewController.swift in Sources */ = {isa = PBXBuildFile; fileRef = 2D083C11257316AE0083C7F3 /* NewConversationViewController.swift */; };
		2D083C15257316CF0083C7F3 /* ProfileViewController.swift in Sources */ = {isa = PBXBuildFile; fileRef = 2D083C14257316CF0083C7F3 /* ProfileViewController.swift */; };
		2D1520E8257712470029D1B3 /* GoogleService-Info.plist in Resources */ = {isa = PBXBuildFile; fileRef = 2D1520E7257712470029D1B3 /* GoogleService-Info.plist */; };
		3DEF9930EB5B1DDF267D7157 /* Pods_chat_app.framework in Frameworks */ = {isa = PBXBuildFile; fileRef = 659A7E89F91E313D096B9E00 /* Pods_chat_app.framework */; };
/* End PBXBuildFile section */

/* Begin PBXFileReference section */
		2D00157225731D4C00AD3C65 /* Extensions.swift */ = {isa = PBXFileReference; lastKnownFileType = sourcecode.swift; path = Extensions.swift; sourceTree = "<group>"; };
		2D083BE425730D640083C7F3 /* chat-app.app */ = {isa = PBXFileReference; explicitFileType = wrapper.application; includeInIndex = 0; path = "chat-app.app"; sourceTree = BUILT_PRODUCTS_DIR; };
		2D083BE725730D650083C7F3 /* AppDelegate.swift */ = {isa = PBXFileReference; lastKnownFileType = sourcecode.swift; path = AppDelegate.swift; sourceTree = "<group>"; };
		2D083BE925730D650083C7F3 /* SceneDelegate.swift */ = {isa = PBXFileReference; lastKnownFileType = sourcecode.swift; path = SceneDelegate.swift; sourceTree = "<group>"; };
		2D083BEB25730D650083C7F3 /* ConversationsViewController.swift */ = {isa = PBXFileReference; lastKnownFileType = sourcecode.swift; path = ConversationsViewController.swift; sourceTree = "<group>"; };
		2D083BEE25730D650083C7F3 /* Base */ = {isa = PBXFileReference; lastKnownFileType = file.storyboard; name = Base; path = Base.lproj/Main.storyboard; sourceTree = "<group>"; };
		2D083BF025730D680083C7F3 /* Assets.xcassets */ = {isa = PBXFileReference; lastKnownFileType = folder.assetcatalog; path = Assets.xcassets; sourceTree = "<group>"; };
		2D083BF325730D680083C7F3 /* Base */ = {isa = PBXFileReference; lastKnownFileType = file.storyboard; name = Base; path = Base.lproj/LaunchScreen.storyboard; sourceTree = "<group>"; };
		2D083BF525730D680083C7F3 /* Info.plist */ = {isa = PBXFileReference; lastKnownFileType = text.plist.xml; path = Info.plist; sourceTree = "<group>"; };
		2D083C05257315EB0083C7F3 /* LoginViewController.swift */ = {isa = PBXFileReference; lastKnownFileType = sourcecode.swift; path = LoginViewController.swift; sourceTree = "<group>"; };
		2D083C08257315FB0083C7F3 /* RegisterViewController.swift */ = {isa = PBXFileReference; lastKnownFileType = sourcecode.swift; path = RegisterViewController.swift; sourceTree = "<group>"; };
		2D083C0B257316180083C7F3 /* PhotoViewerViewController.swift */ = {isa = PBXFileReference; lastKnownFileType = sourcecode.swift; path = PhotoViewerViewController.swift; sourceTree = "<group>"; };
		2D083C0E257316270083C7F3 /* VideoPlayerViewController.swift */ = {isa = PBXFileReference; lastKnownFileType = sourcecode.swift; path = VideoPlayerViewController.swift; sourceTree = "<group>"; };
		2D083C11257316AE0083C7F3 /* NewConversationViewController.swift */ = {isa = PBXFileReference; lastKnownFileType = sourcecode.swift; path = NewConversationViewController.swift; sourceTree = "<group>"; };
		2D083C14257316CF0083C7F3 /* ProfileViewController.swift */ = {isa = PBXFileReference; lastKnownFileType = sourcecode.swift; path = ProfileViewController.swift; sourceTree = "<group>"; };
		2D1520E7257712470029D1B3 /* GoogleService-Info.plist */ = {isa = PBXFileReference; fileEncoding = 4; lastKnownFileType = text.plist.xml; path = "GoogleService-Info.plist"; sourceTree = "<group>"; };
		659A7E89F91E313D096B9E00 /* Pods_chat_app.framework */ = {isa = PBXFileReference; explicitFileType = wrapper.framework; includeInIndex = 0; path = Pods_chat_app.framework; sourceTree = BUILT_PRODUCTS_DIR; };
		6BFA4360ADBB48B9BC1414EE /* Pods-chat-app.debug.xcconfig */ = {isa = PBXFileReference; includeInIndex = 1; lastKnownFileType = text.xcconfig; name = "Pods-chat-app.debug.xcconfig"; path = "Target Support Files/Pods-chat-app/Pods-chat-app.debug.xcconfig"; sourceTree = "<group>"; };
		EB7C28D5C04EB77ED6D2B27E /* Pods-chat-app.release.xcconfig */ = {isa = PBXFileReference; includeInIndex = 1; lastKnownFileType = text.xcconfig; name = "Pods-chat-app.release.xcconfig"; path = "Target Support Files/Pods-chat-app/Pods-chat-app.release.xcconfig"; sourceTree = "<group>"; };
/* End PBXFileReference section */

/* Begin PBXFrameworksBuildPhase section */
		2D083BE125730D640083C7F3 /* Frameworks */ = {
			isa = PBXFrameworksBuildPhase;
			buildActionMask = 2147483647;
			files = (
				3DEF9930EB5B1DDF267D7157 /* Pods_chat_app.framework in Frameworks */,
			);
			runOnlyForDeploymentPostprocessing = 0;
		};
/* End PBXFrameworksBuildPhase section */

/* Begin PBXGroup section */
		2D083BDB25730D640083C7F3 = {
			isa = PBXGroup;
			children = (
				2D083BE625730D640083C7F3 /* chat-app */,
				2D083BE525730D640083C7F3 /* Products */,
				DEC10136B5D7E6E1093FE20F /* Pods */,
				64CE5289C3981F46428711CF /* Frameworks */,
			);
			sourceTree = "<group>";
		};
		2D083BE525730D640083C7F3 /* Products */ = {
			isa = PBXGroup;
			children = (
				2D083BE425730D640083C7F3 /* chat-app.app */,
			);
			name = Products;
			sourceTree = "<group>";
		};
		2D083BE625730D640083C7F3 /* chat-app */ = {
			isa = PBXGroup;
			children = (
				2D1520E7257712470029D1B3 /* GoogleService-Info.plist */,
				2D083C01257314B00083C7F3 /* Resources */,
				2D083BFF257314A10083C7F3 /* Models */,
				2D083C00257314A80083C7F3 /* ViewModels */,
				2D083BFE2573149A0083C7F3 /* Views */,
				2D083BFD2573148B0083C7F3 /* Controllers */,
				2D083BF525730D680083C7F3 /* Info.plist */,
			);
			path = "chat-app";
			sourceTree = "<group>";
		};
		2D083BFD2573148B0083C7F3 /* Controllers */ = {
			isa = PBXGroup;
			children = (
				2D083C18257318630083C7F3 /* Login */,
				2D083BEB25730D650083C7F3 /* ConversationsViewController.swift */,
				2D083C0B257316180083C7F3 /* PhotoViewerViewController.swift */,
				2D083C0E257316270083C7F3 /* VideoPlayerViewController.swift */,
				2D083C11257316AE0083C7F3 /* NewConversationViewController.swift */,
				2D083C14257316CF0083C7F3 /* ProfileViewController.swift */,
			);
			path = Controllers;
			sourceTree = "<group>";
		};
		2D083BFE2573149A0083C7F3 /* Views */ = {
			isa = PBXGroup;
			children = (
				2D083C02257314DB0083C7F3 /* Storyboards */,
				2D083BED25730D650083C7F3 /* Main.storyboard */,
				2D083BF025730D680083C7F3 /* Assets.xcassets */,
				2D083BF225730D680083C7F3 /* LaunchScreen.storyboard */,
			);
			path = Views;
			sourceTree = "<group>";
		};
		2D083BFF257314A10083C7F3 /* Models */ = {
			isa = PBXGroup;
			children = (
			);
			path = Models;
			sourceTree = "<group>";
		};
		2D083C00257314A80083C7F3 /* ViewModels */ = {
			isa = PBXGroup;
			children = (
			);
			path = ViewModels;
			sourceTree = "<group>";
		};
		2D083C01257314B00083C7F3 /* Resources */ = {
			isa = PBXGroup;
			children = (
				2D083BE725730D650083C7F3 /* AppDelegate.swift */,
				2D083BE925730D650083C7F3 /* SceneDelegate.swift */,
				2D00157225731D4C00AD3C65 /* Extensions.swift */,
			);
			path = Resources;
			sourceTree = "<group>";
		};
		2D083C02257314DB0083C7F3 /* Storyboards */ = {
			isa = PBXGroup;
			children = (
			);
			path = Storyboards;
			sourceTree = "<group>";
		};
		2D083C18257318630083C7F3 /* Login */ = {
			isa = PBXGroup;
			children = (
				2D083C05257315EB0083C7F3 /* LoginViewController.swift */,
				2D083C08257315FB0083C7F3 /* RegisterViewController.swift */,
			);
			path = Login;
			sourceTree = "<group>";
		};
		64CE5289C3981F46428711CF /* Frameworks */ = {
			isa = PBXGroup;
			children = (
				659A7E89F91E313D096B9E00 /* Pods_chat_app.framework */,
			);
			name = Frameworks;
			sourceTree = "<group>";
		};
		DEC10136B5D7E6E1093FE20F /* Pods */ = {
			isa = PBXGroup;
			children = (
				6BFA4360ADBB48B9BC1414EE /* Pods-chat-app.debug.xcconfig */,
				EB7C28D5C04EB77ED6D2B27E /* Pods-chat-app.release.xcconfig */,
			);
			path = Pods;
			sourceTree = "<group>";
		};
/* End PBXGroup section */

/* Begin PBXNativeTarget section */
		2D083BE325730D640083C7F3 /* chat-app */ = {
			isa = PBXNativeTarget;
			buildConfigurationList = 2D083BF825730D680083C7F3 /* Build configuration list for PBXNativeTarget "chat-app" */;
			buildPhases = (
				BE873AD00F23F9153E7D30F1 /* [CP] Check Pods Manifest.lock */,
				2D083BE025730D640083C7F3 /* Sources */,
				2D083BE125730D640083C7F3 /* Frameworks */,
				2D083BE225730D640083C7F3 /* Resources */,
				56648ED8A35703B8638BFD35 /* [CP] Embed Pods Frameworks */,
			);
			buildRules = (
			);
			dependencies = (
			);
			name = "chat-app";
			productName = "chat-app";
			productReference = 2D083BE425730D640083C7F3 /* chat-app.app */;
			productType = "com.apple.product-type.application";
		};
/* End PBXNativeTarget section */

/* Begin PBXProject section */
		2D083BDC25730D640083C7F3 /* Project object */ = {
			isa = PBXProject;
			attributes = {
				LastSwiftUpdateCheck = 1200;
				LastUpgradeCheck = 1200;
				TargetAttributes = {
					2D083BE325730D640083C7F3 = {
						CreatedOnToolsVersion = 12.0.1;
					};
				};
			};
			buildConfigurationList = 2D083BDF25730D640083C7F3 /* Build configuration list for PBXProject "chat-app" */;
			compatibilityVersion = "Xcode 9.3";
			developmentRegion = en;
			hasScannedForEncodings = 0;
			knownRegions = (
				en,
				Base,
			);
			mainGroup = 2D083BDB25730D640083C7F3;
			productRefGroup = 2D083BE525730D640083C7F3 /* Products */;
			projectDirPath = "";
			projectRoot = "";
			targets = (
				2D083BE325730D640083C7F3 /* chat-app */,
			);
		};
/* End PBXProject section */

/* Begin PBXResourcesBuildPhase section */
		2D083BE225730D640083C7F3 /* Resources */ = {
			isa = PBXResourcesBuildPhase;
			buildActionMask = 2147483647;
			files = (
				2D083BF425730D680083C7F3 /* LaunchScreen.storyboard in Resources */,
				2D1520E8257712470029D1B3 /* GoogleService-Info.plist in Resources */,
				2D083BF125730D680083C7F3 /* Assets.xcassets in Resources */,
				2D083BEF25730D650083C7F3 /* Main.storyboard in Resources */,
			);
			runOnlyForDeploymentPostprocessing = 0;
		};
/* End PBXResourcesBuildPhase section */

/* Begin PBXShellScriptBuildPhase section */
		56648ED8A35703B8638BFD35 /* [CP] Embed Pods Frameworks */ = {
			isa = PBXShellScriptBuildPhase;
			buildActionMask = 2147483647;
			files = (
			);
			inputFileListPaths = (
				"${PODS_ROOT}/Target Support Files/Pods-chat-app/Pods-chat-app-frameworks-${CONFIGURATION}-input-files.xcfilelist",
			);
			name = "[CP] Embed Pods Frameworks";
			outputFileListPaths = (
				"${PODS_ROOT}/Target Support Files/Pods-chat-app/Pods-chat-app-frameworks-${CONFIGURATION}-output-files.xcfilelist",
			);
			runOnlyForDeploymentPostprocessing = 0;
			shellPath = /bin/sh;
			shellScript = "\"${PODS_ROOT}/Target Support Files/Pods-chat-app/Pods-chat-app-frameworks.sh\"\n";
			showEnvVarsInLog = 0;
		};
		BE873AD00F23F9153E7D30F1 /* [CP] Check Pods Manifest.lock */ = {
			isa = PBXShellScriptBuildPhase;
			buildActionMask = 2147483647;
			files = (
			);
			inputFileListPaths = (
			);
			inputPaths = (
				"${PODS_PODFILE_DIR_PATH}/Podfile.lock",
				"${PODS_ROOT}/Manifest.lock",
			);
			name = "[CP] Check Pods Manifest.lock";
			outputFileListPaths = (
			);
			outputPaths = (
				"$(DERIVED_FILE_DIR)/Pods-chat-app-checkManifestLockResult.txt",
			);
			runOnlyForDeploymentPostprocessing = 0;
			shellPath = /bin/sh;
			shellScript = "diff \"${PODS_PODFILE_DIR_PATH}/Podfile.lock\" \"${PODS_ROOT}/Manifest.lock\" > /dev/null\nif [ $? != 0 ] ; then\n    # print error to STDERR\n    echo \"error: The sandbox is not in sync with the Podfile.lock. Run 'pod install' or update your CocoaPods installation.\" >&2\n    exit 1\nfi\n# This output is used by Xcode 'outputs' to avoid re-running this script phase.\necho \"SUCCESS\" > \"${SCRIPT_OUTPUT_FILE_0}\"\n";
			showEnvVarsInLog = 0;
		};
/* End PBXShellScriptBuildPhase section */

/* Begin PBXSourcesBuildPhase section */
		2D083BE025730D640083C7F3 /* Sources */ = {
			isa = PBXSourcesBuildPhase;
			buildActionMask = 2147483647;
			files = (
				2D083C06257315EB0083C7F3 /* LoginViewController.swift in Sources */,
				2D083C09257315FB0083C7F3 /* RegisterViewController.swift in Sources */,
				2D083C12257316AE0083C7F3 /* NewConversationViewController.swift in Sources */,
				2D083BEC25730D650083C7F3 /* ConversationsViewController.swift in Sources */,
				2D083C0F257316270083C7F3 /* VideoPlayerViewController.swift in Sources */,
				2D00157325731D4C00AD3C65 /* Extensions.swift in Sources */,
				2D083BE825730D650083C7F3 /* AppDelegate.swift in Sources */,
				2D083C15257316CF0083C7F3 /* ProfileViewController.swift in Sources */,
				2D083BEA25730D650083C7F3 /* SceneDelegate.swift in Sources */,
				2D083C0C257316180083C7F3 /* PhotoViewerViewController.swift in Sources */,
			);
			runOnlyForDeploymentPostprocessing = 0;
		};
/* End PBXSourcesBuildPhase section */

/* Begin PBXVariantGroup section */
		2D083BED25730D650083C7F3 /* Main.storyboard */ = {
			isa = PBXVariantGroup;
			children = (
				2D083BEE25730D650083C7F3 /* Base */,
			);
			name = Main.storyboard;
			sourceTree = "<group>";
		};
		2D083BF225730D680083C7F3 /* LaunchScreen.storyboard */ = {
			isa = PBXVariantGroup;
			children = (
				2D083BF325730D680083C7F3 /* Base */,
			);
			name = LaunchScreen.storyboard;
			sourceTree = "<group>";
		};
/* End PBXVariantGroup section */

/* Begin XCBuildConfiguration section */
		2D083BF625730D680083C7F3 /* Debug */ = {
			isa = XCBuildConfiguration;
			buildSettings = {
				ALWAYS_SEARCH_USER_PATHS = NO;
				CLANG_ANALYZER_NONNULL = YES;
				CLANG_ANALYZER_NUMBER_OBJECT_CONVERSION = YES_AGGRESSIVE;
				CLANG_CXX_LANGUAGE_STANDARD = "gnu++14";
				CLANG_CXX_LIBRARY = "libc++";
				CLANG_ENABLE_MODULES = YES;
				CLANG_ENABLE_OBJC_ARC = YES;
				CLANG_ENABLE_OBJC_WEAK = YES;
				CLANG_WARN_BLOCK_CAPTURE_AUTORELEASING = YES;
				CLANG_WARN_BOOL_CONVERSION = YES;
				CLANG_WARN_COMMA = YES;
				CLANG_WARN_CONSTANT_CONVERSION = YES;
				CLANG_WARN_DEPRECATED_OBJC_IMPLEMENTATIONS = YES;
				CLANG_WARN_DIRECT_OBJC_ISA_USAGE = YES_ERROR;
				CLANG_WARN_DOCUMENTATION_COMMENTS = YES;
				CLANG_WARN_EMPTY_BODY = YES;
				CLANG_WARN_ENUM_CONVERSION = YES;
				CLANG_WARN_INFINITE_RECURSION = YES;
				CLANG_WARN_INT_CONVERSION = YES;
				CLANG_WARN_NON_LITERAL_NULL_CONVERSION = YES;
				CLANG_WARN_OBJC_IMPLICIT_RETAIN_SELF = YES;
				CLANG_WARN_OBJC_LITERAL_CONVERSION = YES;
				CLANG_WARN_OBJC_ROOT_CLASS = YES_ERROR;
				CLANG_WARN_QUOTED_INCLUDE_IN_FRAMEWORK_HEADER = YES;
				CLANG_WARN_RANGE_LOOP_ANALYSIS = YES;
				CLANG_WARN_STRICT_PROTOTYPES = YES;
				CLANG_WARN_SUSPICIOUS_MOVE = YES;
				CLANG_WARN_UNGUARDED_AVAILABILITY = YES_AGGRESSIVE;
				CLANG_WARN_UNREACHABLE_CODE = YES;
				CLANG_WARN__DUPLICATE_METHOD_MATCH = YES;
				COPY_PHASE_STRIP = NO;
				DEBUG_INFORMATION_FORMAT = dwarf;
				ENABLE_STRICT_OBJC_MSGSEND = YES;
				ENABLE_TESTABILITY = YES;
				GCC_C_LANGUAGE_STANDARD = gnu11;
				GCC_DYNAMIC_NO_PIC = NO;
				GCC_NO_COMMON_BLOCKS = YES;
				GCC_OPTIMIZATION_LEVEL = 0;
				GCC_PREPROCESSOR_DEFINITIONS = (
					"DEBUG=1",
					"$(inherited)",
				);
				GCC_WARN_64_TO_32_BIT_CONVERSION = YES;
				GCC_WARN_ABOUT_RETURN_TYPE = YES_ERROR;
				GCC_WARN_UNDECLARED_SELECTOR = YES;
				GCC_WARN_UNINITIALIZED_AUTOS = YES_AGGRESSIVE;
				GCC_WARN_UNUSED_FUNCTION = YES;
				GCC_WARN_UNUSED_VARIABLE = YES;
				IPHONEOS_DEPLOYMENT_TARGET = 14.0;
				MTL_ENABLE_DEBUG_INFO = INCLUDE_SOURCE;
				MTL_FAST_MATH = YES;
				ONLY_ACTIVE_ARCH = YES;
				SDKROOT = iphoneos;
				SWIFT_ACTIVE_COMPILATION_CONDITIONS = DEBUG;
				SWIFT_OPTIMIZATION_LEVEL = "-Onone";
			};
			name = Debug;
		};
		2D083BF725730D680083C7F3 /* Release */ = {
			isa = XCBuildConfiguration;
			buildSettings = {
				ALWAYS_SEARCH_USER_PATHS = NO;
				CLANG_ANALYZER_NONNULL = YES;
				CLANG_ANALYZER_NUMBER_OBJECT_CONVERSION = YES_AGGRESSIVE;
				CLANG_CXX_LANGUAGE_STANDARD = "gnu++14";
				CLANG_CXX_LIBRARY = "libc++";
				CLANG_ENABLE_MODULES = YES;
				CLANG_ENABLE_OBJC_ARC = YES;
				CLANG_ENABLE_OBJC_WEAK = YES;
				CLANG_WARN_BLOCK_CAPTURE_AUTORELEASING = YES;
				CLANG_WARN_BOOL_CONVERSION = YES;
				CLANG_WARN_COMMA = YES;
				CLANG_WARN_CONSTANT_CONVERSION = YES;
				CLANG_WARN_DEPRECATED_OBJC_IMPLEMENTATIONS = YES;
				CLANG_WARN_DIRECT_OBJC_ISA_USAGE = YES_ERROR;
				CLANG_WARN_DOCUMENTATION_COMMENTS = YES;
				CLANG_WARN_EMPTY_BODY = YES;
				CLANG_WARN_ENUM_CONVERSION = YES;
				CLANG_WARN_INFINITE_RECURSION = YES;
				CLANG_WARN_INT_CONVERSION = YES;
				CLANG_WARN_NON_LITERAL_NULL_CONVERSION = YES;
				CLANG_WARN_OBJC_IMPLICIT_RETAIN_SELF = YES;
				CLANG_WARN_OBJC_LITERAL_CONVERSION = YES;
				CLANG_WARN_OBJC_ROOT_CLASS = YES_ERROR;
				CLANG_WARN_QUOTED_INCLUDE_IN_FRAMEWORK_HEADER = YES;
				CLANG_WARN_RANGE_LOOP_ANALYSIS = YES;
				CLANG_WARN_STRICT_PROTOTYPES = YES;
				CLANG_WARN_SUSPICIOUS_MOVE = YES;
				CLANG_WARN_UNGUARDED_AVAILABILITY = YES_AGGRESSIVE;
				CLANG_WARN_UNREACHABLE_CODE = YES;
				CLANG_WARN__DUPLICATE_METHOD_MATCH = YES;
				COPY_PHASE_STRIP = NO;
				DEBUG_INFORMATION_FORMAT = "dwarf-with-dsym";
				ENABLE_NS_ASSERTIONS = NO;
				ENABLE_STRICT_OBJC_MSGSEND = YES;
				GCC_C_LANGUAGE_STANDARD = gnu11;
				GCC_NO_COMMON_BLOCKS = YES;
				GCC_WARN_64_TO_32_BIT_CONVERSION = YES;
				GCC_WARN_ABOUT_RETURN_TYPE = YES_ERROR;
				GCC_WARN_UNDECLARED_SELECTOR = YES;
				GCC_WARN_UNINITIALIZED_AUTOS = YES_AGGRESSIVE;
				GCC_WARN_UNUSED_FUNCTION = YES;
				GCC_WARN_UNUSED_VARIABLE = YES;
				IPHONEOS_DEPLOYMENT_TARGET = 14.0;
				MTL_ENABLE_DEBUG_INFO = NO;
				MTL_FAST_MATH = YES;
				SDKROOT = iphoneos;
				SWIFT_COMPILATION_MODE = wholemodule;
				SWIFT_OPTIMIZATION_LEVEL = "-O";
				VALIDATE_PRODUCT = YES;
			};
			name = Release;
		};
		2D083BF925730D680083C7F3 /* Debug */ = {
			isa = XCBuildConfiguration;
			baseConfigurationReference = 6BFA4360ADBB48B9BC1414EE /* Pods-chat-app.debug.xcconfig */;
			buildSettings = {
				ASSETCATALOG_COMPILER_APPICON_NAME = AppIcon;
				ASSETCATALOG_COMPILER_GLOBAL_ACCENT_COLOR_NAME = AccentColor;
				CODE_SIGN_STYLE = Automatic;
				DEVELOPMENT_TEAM = NXYT387KRU;
				INFOPLIST_FILE = "chat-app/Info.plist";
				IPHONEOS_DEPLOYMENT_TARGET = 12.4;
				LD_RUNPATH_SEARCH_PATHS = (
					"$(inherited)",
					"@executable_path/Frameworks",
				);
				PRODUCT_BUNDLE_IDENTIFIER = "com.example.dabbour.chat-app";
				PRODUCT_NAME = "$(TARGET_NAME)";
				SWIFT_VERSION = 5.0;
				TARGETED_DEVICE_FAMILY = "1,2";
			};
			name = Debug;
		};
		2D083BFA25730D680083C7F3 /* Release */ = {
			isa = XCBuildConfiguration;
			baseConfigurationReference = EB7C28D5C04EB77ED6D2B27E /* Pods-chat-app.release.xcconfig */;
			buildSettings = {
				ASSETCATALOG_COMPILER_APPICON_NAME = AppIcon;
				ASSETCATALOG_COMPILER_GLOBAL_ACCENT_COLOR_NAME = AccentColor;
				CODE_SIGN_STYLE = Automatic;
				DEVELOPMENT_TEAM = NXYT387KRU;
				INFOPLIST_FILE = "chat-app/Info.plist";
				IPHONEOS_DEPLOYMENT_TARGET = 12.4;
				LD_RUNPATH_SEARCH_PATHS = (
					"$(inherited)",
					"@executable_path/Frameworks",
				);
				PRODUCT_BUNDLE_IDENTIFIER = "com.example.dabbour.chat-app";
				PRODUCT_NAME = "$(TARGET_NAME)";
				SWIFT_VERSION = 5.0;
				TARGETED_DEVICE_FAMILY = "1,2";
			};
			name = Release;
		};
/* End XCBuildConfiguration section */

/* Begin XCConfigurationList section */
		2D083BDF25730D640083C7F3 /* Build configuration list for PBXProject "chat-app" */ = {
			isa = XCConfigurationList;
			buildConfigurations = (
				2D083BF625730D680083C7F3 /* Debug */,
				2D083BF725730D680083C7F3 /* Release */,
			);
			defaultConfigurationIsVisible = 0;
			defaultConfigurationName = Release;
		};
		2D083BF825730D680083C7F3 /* Build configuration list for PBXNativeTarget "chat-app" */ = {
			isa = XCConfigurationList;
			buildConfigurations = (
				2D083BF925730D680083C7F3 /* Debug */,
				2D083BFA25730D680083C7F3 /* Release */,
			);
			defaultConfigurationIsVisible = 0;
			defaultConfigurationName = Release;
		};
/* End XCConfigurationList section */
	};
	rootObject = 2D083BDC25730D640083C7F3 /* Project object */;
}
